{
  "name": "functional-programing",
  "version": "1.0.0",
  "lockfileVersion": 1,
  "requires": true,
  "dependencies": {
    "rambda": {
      "version": "0.9.3",
      "resolved": "https://registry.npmjs.org/rambda/-/rambda-0.9.3.tgz",
      "integrity": "sha512-+K3qAfORhaZZ6U8chjfHHlfzYs/Pc1G0F5RAWBIHrkqLdojt3I92J+ER5GyEwx44+8nNSb6HzxqcNIVNnASufA=="
    }
  }
}
